
Microsoft Visual Studio Solution File, Format Version 12.00
# Visual Studio Version 17
VisualStudioVersion = 17.11.35222.181
MinimumVisualStudioVersion = 10.0.40219.1
Project("{9A19103F-16F7-4668-BE54-9A1E7A4F7556}") = "EprPrnIntegration.Api", "EprPrnIntegration.Api\EprPrnIntegration.Api.csproj", "{DD034B33-BA60-41E8-8266-FA7556272A9C}"
EndProject
Project("{9A19103F-16F7-4668-BE54-9A1E7A4F7556}") = "EprPrnIntegration.Common", "EprPrnIntegration.Common\EprPrnIntegration.Common.csproj", "{F71A1D0D-8922-4F98-9087-FD38A8E7AD49}"
EndProject
Project("{9A19103F-16F7-4668-BE54-9A1E7A4F7556}") = "EprPrnIntegration.Api.UnitTests", "EprPrnIntegration.Api.UnitTests\EprPrnIntegration.Api.UnitTests.csproj", "{D26F53AE-32D8-4B09-BD82-B01DC51AF49A}"
EndProject
Project("{9A19103F-16F7-4668-BE54-9A1E7A4F7556}") = "EprPrnIntegration.Common.UnitTests", "EprPrnIntegration.Common.UnitTests\EprPrnIntegration.Common.UnitTests.csproj", "{6E3B4ACD-387A-4782-902A-D122EE0D4810}"
EndProject
Global
	GlobalSection(SolutionConfigurationPlatforms) = preSolution
		Debug|Any CPU = Debug|Any CPU
		Release|Any CPU = Release|Any CPU
	EndGlobalSection
	GlobalSection(ProjectConfigurationPlatforms) = postSolution
		{DD034B33-BA60-41E8-8266-FA7556272A9C}.Debug|Any CPU.ActiveCfg = Debug|Any CPU
		{DD034B33-BA60-41E8-8266-FA7556272A9C}.Debug|Any CPU.Build.0 = Debug|Any CPU
		{DD034B33-BA60-41E8-8266-FA7556272A9C}.Release|Any CPU.ActiveCfg = Release|Any CPU
		{DD034B33-BA60-41E8-8266-FA7556272A9C}.Release|Any CPU.Build.0 = Release|Any CPU
		{F71A1D0D-8922-4F98-9087-FD38A8E7AD49}.Debug|Any CPU.ActiveCfg = Debug|Any CPU
		{F71A1D0D-8922-4F98-9087-FD38A8E7AD49}.Debug|Any CPU.Build.0 = Debug|Any CPU
		{F71A1D0D-8922-4F98-9087-FD38A8E7AD49}.Release|Any CPU.ActiveCfg = Release|Any CPU
		{F71A1D0D-8922-4F98-9087-FD38A8E7AD49}.Release|Any CPU.Build.0 = Release|Any CPU
		{D26F53AE-32D8-4B09-BD82-B01DC51AF49A}.Debug|Any CPU.ActiveCfg = Debug|Any CPU
		{D26F53AE-32D8-4B09-BD82-B01DC51AF49A}.Debug|Any CPU.Build.0 = Debug|Any CPU
		{D26F53AE-32D8-4B09-BD82-B01DC51AF49A}.Release|Any CPU.ActiveCfg = Release|Any CPU
		{D26F53AE-32D8-4B09-BD82-B01DC51AF49A}.Release|Any CPU.Build.0 = Release|Any CPU
		{6E3B4ACD-387A-4782-902A-D122EE0D4810}.Debug|Any CPU.ActiveCfg = Debug|Any CPU
		{6E3B4ACD-387A-4782-902A-D122EE0D4810}.Debug|Any CPU.Build.0 = Debug|Any CPU
		{6E3B4ACD-387A-4782-902A-D122EE0D4810}.Release|Any CPU.ActiveCfg = Release|Any CPU
		{6E3B4ACD-387A-4782-902A-D122EE0D4810}.Release|Any CPU.Build.0 = Release|Any CPU
	EndGlobalSection
	GlobalSection(SolutionProperties) = preSolution
		HideSolutionNode = FALSE
	EndGlobalSection
	GlobalSection(ExtensibilityGlobals) = postSolution
		SolutionGuid = {D4124DFC-1227-4EBA-8170-2E8EE307369F}
	EndGlobalSection
EndGlobal
